name: Regen Lockfile
on: workflow_dispatch
jobs:
  regen:
    runs-on: ubuntu-latest
    permissions:
      contents: write
    steps:
      - uses: actions/checkout@v4
        with: { ref: fix/regenerate-lockfile }
      - uses: actions/setup-node@v4
        with: { node-version: '22' }
      - run: npm install --package-lock-only
      - run: |
          git config user.name "github-actions[bot]"
          git config user.email "actions@github.com"
          git add package-lock.json
          git diff --staged --quiet || git commit -m "fix(lockfile): regenerate with all platform optionals"
          git push
