name: Regen Lockfile
on:
  push:
    branches: [fix/regenerate-lockfile]
jobs:
  regen:
    if: github.actor != 'github-actions[bot]'
    runs-on: ubuntu-latest
    permissions:
      contents: write
    steps:
      - uses: actions/checkout@v4
        with:
          ref: fix/regenerate-lockfile
      - uses: actions/setup-node@v4
        with:
          node-version: '22'
      - name: Regen from scratch
        run: |
          rm -f package-lock.json
          npm install --package-lock-only
      - name: Commit if changed
        run: |
          git config user.name "github-actions[bot]"
          git config user.email "actions@github.com"
          git add package-lock.json
          git status --short
          git diff --staged --stat
          git commit -m "fix(lockfile): regenerate from scratch on x86_64" || echo "nothing to commit"
          git push
